
Microsoft Visual Studio Solution File, Format Version 12.00
# Visual Studio Version 17
VisualStudioVersion = 17.14.36401.2
MinimumVisualStudioVersion = 10.0.40219.1
Project("{8BC9CEB8-8B4A-11D0-8D11-00A0C91BC942}") = "ProtoWare", "ProtoWare\ProtoWare.vcxproj", "{CC528159-EA80-4497-AE65-486B76C49AA0}"
EndProject
Global
	GlobalSection(SolutionConfigurationPlatforms) = preSolution
		Debug|x64 = Debug|x64
		Debug|x86 = Debug|x86
		Release|x64 = Release|x64
		Release|x86 = Release|x86
	EndGlobalSection
	GlobalSection(ProjectConfigurationPlatforms) = postSolution
		{CC528159-EA80-4497-AE65-486B76C49AA0}.Debug|x64.ActiveCfg = Debug|x64
		{CC528159-EA80-4497-AE65-486B76C49AA0}.Debug|x64.Build.0 = Debug|x64
		{CC528159-EA80-4497-AE65-486B76C49AA0}.Debug|x86.ActiveCfg = Debug|Win32
		{CC528159-EA80-4497-AE65-486B76C49AA0}.Debug|x86.Build.0 = Debug|Win32
		{CC528159-EA80-4497-AE65-486B76C49AA0}.Release|x64.ActiveCfg = Release|x64
		{CC528159-EA80-4497-AE65-486B76C49AA0}.Release|x64.Build.0 = Release|x64
		{CC528159-EA80-4497-AE65-486B76C49AA0}.Release|x86.ActiveCfg = Release|Win32
		{CC528159-EA80-4497-AE65-486B76C49AA0}.Release|x86.Build.0 = Release|Win32
	EndGlobalSection
	GlobalSection(SolutionProperties) = preSolution
		HideSolutionNode = FALSE
	EndGlobalSection
	GlobalSection(ExtensibilityGlobals) = postSolution
		SolutionGuid = {5BF9656E-B867-493A-ACE3-CEC5E5F14B7B}
	EndGlobalSection
EndGlobal
